
Microsoft Visual Studio Solution File, Format Version 12.00
# Visual Studio Version 17
VisualStudioVersion = 17.3.32922.545
MinimumVisualStudioVersion = 10.0.40219.1
Project("{FAE04EC0-301F-11D3-BF4B-00C04F79EFBC}") = "RAisoStationery", "RAisoStationery\RAisoStationery.csproj", "{312EE8AA-9781-4B4D-94AC-1DDEB16186BF}"
EndProject
Global
	GlobalSection(SolutionConfigurationPlatforms) = preSolution
		Debug|Any CPU = Debug|Any CPU
		Release|Any CPU = Release|Any CPU
	EndGlobalSection
	GlobalSection(ProjectConfigurationPlatforms) = postSolution
		{312EE8AA-9781-4B4D-94AC-1DDEB16186BF}.Debug|Any CPU.ActiveCfg = Debug|Any CPU
		{312EE8AA-9781-4B4D-94AC-1DDEB16186BF}.Debug|Any CPU.Build.0 = Debug|Any CPU
		{312EE8AA-9781-4B4D-94AC-1DDEB16186BF}.Release|Any CPU.ActiveCfg = Release|Any CPU
		{312EE8AA-9781-4B4D-94AC-1DDEB16186BF}.Release|Any CPU.Build.0 = Release|Any CPU
	EndGlobalSection
	GlobalSection(SolutionProperties) = preSolution
		HideSolutionNode = FALSE
	EndGlobalSection
	GlobalSection(ExtensibilityGlobals) = postSolution
		SolutionGuid = {12DA2C57-799F-4AFE-8DE5-8144F8E1BF9B}
	EndGlobalSection
EndGlobal
